// !$*UTF8*$!
{
	archiveVersion = 1;
	classes = {
	};
	objectVersion = 46;
	objects = {

/* Begin PBXBuildFile section */
		1901CC131CC06B2F00BECDE3 /* Recursion.m in Sources */ = {isa = PBXBuildFile; fileRef = 1901CC121CC06B2F00BECDE3 /* Recursion.m */; };
		193A42811C4851AF004AF854 /* NSDictionary+Methods.m in Sources */ = {isa = PBXBuildFile; fileRef = 193A42801C4851AF004AF854 /* NSDictionary+Methods.m */; };
		193A42861C485335004AF854 /* Dictionary.m in Sources */ = {isa = PBXBuildFile; fileRef = 193A42851C485335004AF854 /* Dictionary.m */; };
		19463C451C824A3A0076ED00 /* String.m in Sources */ = {isa = PBXBuildFile; fileRef = 19463C441C824A3A0076ED00 /* String.m */; };
		19463C461C824A3A0076ED00 /* String.m in Sources */ = {isa = PBXBuildFile; fileRef = 19463C441C824A3A0076ED00 /* String.m */; };
		195E7DE21C7D54190085121E /* Matrix.m in Sources */ = {isa = PBXBuildFile; fileRef = 195E7DE11C7D54190085121E /* Matrix.m */; };
		195E7DE31C7D54190085121E /* Matrix.m in Sources */ = {isa = PBXBuildFile; fileRef = 195E7DE11C7D54190085121E /* Matrix.m */; };
		19601AC21BF154E00096DA27 /* Member.m in Sources */ = {isa = PBXBuildFile; fileRef = 19601AC11BF154E00096DA27 /* Member.m */; };
		196466F91C17C7B100FA9E4D /* UndirectedGraph.m in Sources */ = {isa = PBXBuildFile; fileRef = 196466F81C17C7B100FA9E4D /* UndirectedGraph.m */; };
		199D61D91C89607000D0A795 /* Graph1.m in Sources */ = {isa = PBXBuildFile; fileRef = 199D61D81C89607000D0A795 /* Graph1.m */; };
		19ACC4421CC59E9F00E2736E /* Numbers.m in Sources */ = {isa = PBXBuildFile; fileRef = 19ACC4411CC59E9F00E2736E /* Numbers.m */; };
		19ACC4431CC59E9F00E2736E /* Numbers.m in Sources */ = {isa = PBXBuildFile; fileRef = 19ACC4411CC59E9F00E2736E /* Numbers.m */; };
		19B738AE1BF2F5E5005D29A2 /* SocialGraph.m in Sources */ = {isa = PBXBuildFile; fileRef = 19B738AD1BF2F5E5005D29A2 /* SocialGraph.m */; };
		19F696E51BD1F772004F31AF /* EdgeNode.m in Sources */ = {isa = PBXBuildFile; fileRef = 19F696E41BD1F772004F31AF /* EdgeNode.m */; };
		19F696E81BD1F84D004F31AF /* Graph.m in Sources */ = {isa = PBXBuildFile; fileRef = 19F696E71BD1F84D004F31AF /* Graph.m */; };
		E41E2B1B1C2618A9008DD8B3 /* ArrayTests.m in Sources */ = {isa = PBXBuildFile; fileRef = E41E2B1A1C2618A9008DD8B3 /* ArrayTests.m */; };
		E41E2B1C1C261BAA008DD8B3 /* NSArray+Methods.m in Sources */ = {isa = PBXBuildFile; fileRef = E42659D61BCA39D3001B49C4 /* NSArray+Methods.m */; };
		E42659D71BCA39D3001B49C4 /* NSArray+Methods.m in Sources */ = {isa = PBXBuildFile; fileRef = E42659D61BCA39D3001B49C4 /* NSArray+Methods.m */; };
		E42659DA1BCB1C67001B49C4 /* Array.m in Sources */ = {isa = PBXBuildFile; fileRef = E42659D91BCB1C67001B49C4 /* Array.m */; };
		E42659DD1BCB389D001B49C4 /* Tree.m in Sources */ = {isa = PBXBuildFile; fileRef = E42659DC1BCB389D001B49C4 /* Tree.m */; };
		E4A908A41BCA1B3A00FA77B6 /* main.m in Sources */ = {isa = PBXBuildFile; fileRef = E4A908A31BCA1B3A00FA77B6 /* main.m */; };
		E4A908B11BCA1BDE00FA77B6 /* Tests.m in Sources */ = {isa = PBXBuildFile; fileRef = E4A908B01BCA1BDE00FA77B6 /* Tests.m */; };
		E4A908B81BCA1CD500FA77B6 /* TreeNode.m in Sources */ = {isa = PBXBuildFile; fileRef = E4A908B71BCA1CD500FA77B6 /* TreeNode.m */; };
		E4A908BA1BCA1D4400FA77B6 /* TreeNodeTests.m in Sources */ = {isa = PBXBuildFile; fileRef = E4A908B91BCA1D4400FA77B6 /* TreeNodeTests.m */; };
		E4A908BC1BCA1E1100FA77B6 /* TreeNode.m in Sources */ = {isa = PBXBuildFile; fileRef = E4A908B71BCA1CD500FA77B6 /* TreeNode.m */; };
/* End PBXBuildFile section */

/* Begin PBXCopyFilesBuildPhase section */
		E4A9089E1BCA1B3A00FA77B6 /* CopyFiles */ = {
			isa = PBXCopyFilesBuildPhase;
			buildActionMask = 2147483647;
			dstPath = /usr/share/man/man1/;
			dstSubfolderSpec = 0;
			files = (
			);
			runOnlyForDeploymentPostprocessing = 1;
		};
/* End PBXCopyFilesBuildPhase section */

/* Begin PBXFileReference section */
		1901CC111CC06B2F00BECDE3 /* Recursion.h */ = {isa = PBXFileReference; fileEncoding = 4; lastKnownFileType = sourcecode.c.h; path = Recursion.h; sourceTree = "<group>"; };
		1901CC121CC06B2F00BECDE3 /* Recursion.m */ = {isa = PBXFileReference; fileEncoding = 4; lastKnownFileType = sourcecode.c.objc; path = Recursion.m; sourceTree = "<group>"; };
		193A427F1C4851AF004AF854 /* NSDictionary+Methods.h */ = {isa = PBXFileReference; fileEncoding = 4; lastKnownFileType = sourcecode.c.h; path = "NSDictionary+Methods.h"; sourceTree = "<group>"; };
		193A42801C4851AF004AF854 /* NSDictionary+Methods.m */ = {isa = PBXFileReference; fileEncoding = 4; lastKnownFileType = sourcecode.c.objc; path = "NSDictionary+Methods.m"; sourceTree = "<group>"; };
		193A42841C485335004AF854 /* Dictionary.h */ = {isa = PBXFileReference; fileEncoding = 4; lastKnownFileType = sourcecode.c.h; path = Dictionary.h; sourceTree = "<group>"; };
		193A42851C485335004AF854 /* Dictionary.m */ = {isa = PBXFileReference; fileEncoding = 4; lastKnownFileType = sourcecode.c.objc; path = Dictionary.m; sourceTree = "<group>"; };
		19463C431C824A3A0076ED00 /* String.h */ = {isa = PBXFileReference; fileEncoding = 4; lastKnownFileType = sourcecode.c.h; path = String.h; sourceTree = "<group>"; };
		19463C441C824A3A0076ED00 /* String.m */ = {isa = PBXFileReference; fileEncoding = 4; lastKnownFileType = sourcecode.c.objc; path = String.m; sourceTree = "<group>"; };
		195E7DE01C7D54190085121E /* Matrix.h */ = {isa = PBXFileReference; fileEncoding = 4; lastKnownFileType = sourcecode.c.h; path = Matrix.h; sourceTree = "<group>"; };
		195E7DE11C7D54190085121E /* Matrix.m */ = {isa = PBXFileReference; fileEncoding = 4; lastKnownFileType = sourcecode.c.objc; path = Matrix.m; sourceTree = "<group>"; };
		19601AC01BF154E00096DA27 /* Member.h */ = {isa = PBXFileReference; fileEncoding = 4; lastKnownFileType = sourcecode.c.h; path = Member.h; sourceTree = "<group>"; };
		19601AC11BF154E00096DA27 /* Member.m */ = {isa = PBXFileReference; fileEncoding = 4; lastKnownFileType = sourcecode.c.objc; path = Member.m; sourceTree = "<group>"; };
		196466F71C17C7B100FA9E4D /* UndirectedGraph.h */ = {isa = PBXFileReference; fileEncoding = 4; lastKnownFileType = sourcecode.c.h; path = UndirectedGraph.h; sourceTree = "<group>"; };
		196466F81C17C7B100FA9E4D /* UndirectedGraph.m */ = {isa = PBXFileReference; fileEncoding = 4; lastKnownFileType = sourcecode.c.objc; path = UndirectedGraph.m; sourceTree = "<group>"; };
		199D61D71C89607000D0A795 /* Graph1.h */ = {isa = PBXFileReference; fileEncoding = 4; lastKnownFileType = sourcecode.c.h; path = Graph1.h; sourceTree = "<group>"; };
		199D61D81C89607000D0A795 /* Graph1.m */ = {isa = PBXFileReference; fileEncoding = 4; lastKnownFileType = sourcecode.c.objc; path = Graph1.m; sourceTree = "<group>"; };
		19ACC4401CC59E9F00E2736E /* Numbers.h */ = {isa = PBXFileReference; fileEncoding = 4; lastKnownFileType = sourcecode.c.h; path = Numbers.h; sourceTree = "<group>"; };
		19ACC4411CC59E9F00E2736E /* Numbers.m */ = {isa = PBXFileReference; fileEncoding = 4; lastKnownFileType = sourcecode.c.objc; path = Numbers.m; sourceTree = "<group>"; };
		19B738AC1BF2F5E5005D29A2 /* SocialGraph.h */ = {isa = PBXFileReference; fileEncoding = 4; lastKnownFileType = sourcecode.c.h; path = SocialGraph.h; sourceTree = "<group>"; };
		19B738AD1BF2F5E5005D29A2 /* SocialGraph.m */ = {isa = PBXFileReference; fileEncoding = 4; lastKnownFileType = sourcecode.c.objc; path = SocialGraph.m; sourceTree = "<group>"; };
		19F696E31BD1F772004F31AF /* EdgeNode.h */ = {isa = PBXFileReference; fileEncoding = 4; lastKnownFileType = sourcecode.c.h; path = EdgeNode.h; sourceTree = "<group>"; };
		19F696E41BD1F772004F31AF /* EdgeNode.m */ = {isa = PBXFileReference; fileEncoding = 4; lastKnownFileType = sourcecode.c.objc; path = EdgeNode.m; sourceTree = "<group>"; };
		19F696E61BD1F84D004F31AF /* Graph.h */ = {isa = PBXFileReference; fileEncoding = 4; lastKnownFileType = sourcecode.c.h; path = Graph.h; sourceTree = "<group>"; };
		19F696E71BD1F84D004F31AF /* Graph.m */ = {isa = PBXFileReference; fileEncoding = 4; lastKnownFileType = sourcecode.c.objc; path = Graph.m; sourceTree = "<group>"; };
		E41E2B1A1C2618A9008DD8B3 /* ArrayTests.m */ = {isa = PBXFileReference; fileEncoding = 4; lastKnownFileType = sourcecode.c.objc; path = ArrayTests.m; sourceTree = "<group>"; };
		E42659D51BCA39D3001B49C4 /* NSArray+Methods.h */ = {isa = PBXFileReference; fileEncoding = 4; lastKnownFileType = sourcecode.c.h; path = "NSArray+Methods.h"; sourceTree = "<group>"; };
		E42659D61BCA39D3001B49C4 /* NSArray+Methods.m */ = {isa = PBXFileReference; fileEncoding = 4; lastKnownFileType = sourcecode.c.objc; path = "NSArray+Methods.m"; sourceTree = "<group>"; };
		E42659D81BCB1C67001B49C4 /* Array.h */ = {isa = PBXFileReference; fileEncoding = 4; lastKnownFileType = sourcecode.c.h; path = Array.h; sourceTree = "<group>"; };
		E42659D91BCB1C67001B49C4 /* Array.m */ = {isa = PBXFileReference; fileEncoding = 4; lastKnownFileType = sourcecode.c.objc; path = Array.m; sourceTree = "<group>"; };
		E42659DB1BCB389D001B49C4 /* Tree.h */ = {isa = PBXFileReference; fileEncoding = 4; lastKnownFileType = sourcecode.c.h; path = Tree.h; sourceTree = "<group>"; };
		E42659DC1BCB389D001B49C4 /* Tree.m */ = {isa = PBXFileReference; fileEncoding = 4; lastKnownFileType = sourcecode.c.objc; path = Tree.m; sourceTree = "<group>"; };
		E4A908A01BCA1B3A00FA77B6 /* algorithm_objc */ = {isa = PBXFileReference; explicitFileType = "compiled.mach-o.executable"; includeInIndex = 0; path = algorithm_objc; sourceTree = BUILT_PRODUCTS_DIR; };
		E4A908A31BCA1B3A00FA77B6 /* main.m */ = {isa = PBXFileReference; lastKnownFileType = sourcecode.c.objc; path = main.m; sourceTree = "<group>"; };
		E4A908AE1BCA1BDE00FA77B6 /* Tests.xctest */ = {isa = PBXFileReference; explicitFileType = wrapper.cfbundle; includeInIndex = 0; path = Tests.xctest; sourceTree = BUILT_PRODUCTS_DIR; };
		E4A908B01BCA1BDE00FA77B6 /* Tests.m */ = {isa = PBXFileReference; lastKnownFileType = sourcecode.c.objc; path = Tests.m; sourceTree = "<group>"; };
		E4A908B21BCA1BDE00FA77B6 /* Info.plist */ = {isa = PBXFileReference; lastKnownFileType = text.plist.xml; path = Info.plist; sourceTree = "<group>"; };
		E4A908B61BCA1CD500FA77B6 /* TreeNode.h */ = {isa = PBXFileReference; fileEncoding = 4; lastKnownFileType = sourcecode.c.h; path = TreeNode.h; sourceTree = "<group>"; };
		E4A908B71BCA1CD500FA77B6 /* TreeNode.m */ = {isa = PBXFileReference; fileEncoding = 4; lastKnownFileType = sourcecode.c.objc; path = TreeNode.m; sourceTree = "<group>"; };
		E4A908B91BCA1D4400FA77B6 /* TreeNodeTests.m */ = {isa = PBXFileReference; fileEncoding = 4; lastKnownFileType = sourcecode.c.objc; path = TreeNodeTests.m; sourceTree = "<group>"; };
/* End PBXFileReference section */

/* Begin PBXFrameworksBuildPhase section */
		E4A9089D1BCA1B3A00FA77B6 /* Frameworks */ = {
			isa = PBXFrameworksBuildPhase;
			buildActionMask = 2147483647;
			files = (
			);
			runOnlyForDeploymentPostprocessing = 0;
		};
		E4A908AB1BCA1BDE00FA77B6 /* Frameworks */ = {
			isa = PBXFrameworksBuildPhase;
			buildActionMask = 2147483647;
			files = (
			);
			runOnlyForDeploymentPostprocessing = 0;
		};
/* End PBXFrameworksBuildPhase section */

/* Begin PBXGroup section */
		193A42821C4851CF004AF854 /* Dictionary */ = {
			isa = PBXGroup;
			children = (
				193A42841C485335004AF854 /* Dictionary.h */,
				193A42851C485335004AF854 /* Dictionary.m */,
				193A427F1C4851AF004AF854 /* NSDictionary+Methods.h */,
				193A42801C4851AF004AF854 /* NSDictionary+Methods.m */,
			);
			name = Dictionary;
			sourceTree = "<group>";
		};
		19463C421C824A0A0076ED00 /* Strings and Numbers */ = {
			isa = PBXGroup;
			children = (
				19463C431C824A3A0076ED00 /* String.h */,
				19463C441C824A3A0076ED00 /* String.m */,
				19ACC4401CC59E9F00E2736E /* Numbers.h */,
				19ACC4411CC59E9F00E2736E /* Numbers.m */,
			);
			name = "Strings and Numbers";
			sourceTree = "<group>";
		};
		195E7DDF1C7D53B90085121E /* DP and Recursion */ = {
			isa = PBXGroup;
			children = (
				195E7DE01C7D54190085121E /* Matrix.h */,
				195E7DE11C7D54190085121E /* Matrix.m */,
				1901CC111CC06B2F00BECDE3 /* Recursion.h */,
				1901CC121CC06B2F00BECDE3 /* Recursion.m */,
			);
			name = "DP and Recursion";
			sourceTree = "<group>";
		};
		19F696E91BD1F856004F31AF /* Trees */ = {
			isa = PBXGroup;
			children = (
				E42659DB1BCB389D001B49C4 /* Tree.h */,
				E42659DC1BCB389D001B49C4 /* Tree.m */,
				E4A908B61BCA1CD500FA77B6 /* TreeNode.h */,
				E4A908B71BCA1CD500FA77B6 /* TreeNode.m */,
			);
			name = Trees;
			sourceTree = "<group>";
		};
		19F696EA1BD1F862004F31AF /* Arrays */ = {
			isa = PBXGroup;
			children = (
				E42659D81BCB1C67001B49C4 /* Array.h */,
				E42659D91BCB1C67001B49C4 /* Array.m */,
				E42659D51BCA39D3001B49C4 /* NSArray+Methods.h */,
				E42659D61BCA39D3001B49C4 /* NSArray+Methods.m */,
			);
			name = Arrays;
			sourceTree = "<group>";
		};
		19F696EB1BD1F86E004F31AF /* Graphs */ = {
			isa = PBXGroup;
			children = (
				19F696E31BD1F772004F31AF /* EdgeNode.h */,
				19F696E41BD1F772004F31AF /* EdgeNode.m */,
				19601AC01BF154E00096DA27 /* Member.h */,
				19601AC11BF154E00096DA27 /* Member.m */,
				19F696E61BD1F84D004F31AF /* Graph.h */,
				19F696E71BD1F84D004F31AF /* Graph.m */,
				199D61D71C89607000D0A795 /* Graph1.h */,
				199D61D81C89607000D0A795 /* Graph1.m */,
				19B738AC1BF2F5E5005D29A2 /* SocialGraph.h */,
				19B738AD1BF2F5E5005D29A2 /* SocialGraph.m */,
				196466F71C17C7B100FA9E4D /* UndirectedGraph.h */,
				196466F81C17C7B100FA9E4D /* UndirectedGraph.m */,
			);
			name = Graphs;
			sourceTree = "<group>";
		};
		E4A908971BCA1B3A00FA77B6 = {
			isa = PBXGroup;
			children = (
				E4A908A21BCA1B3A00FA77B6 /* algorithm_objc */,
				E4A908AF1BCA1BDE00FA77B6 /* Tests */,
				E4A908A11BCA1B3A00FA77B6 /* Products */,
			);
			sourceTree = "<group>";
		};
		E4A908A11BCA1B3A00FA77B6 /* Products */ = {
			isa = PBXGroup;
			children = (
				E4A908A01BCA1B3A00FA77B6 /* algorithm_objc */,
				E4A908AE1BCA1BDE00FA77B6 /* Tests.xctest */,
			);
			name = Products;
			sourceTree = "<group>";
		};
		E4A908A21BCA1B3A00FA77B6 /* algorithm_objc */ = {
			isa = PBXGroup;
			children = (
				E4A908A31BCA1B3A00FA77B6 /* main.m */,
				19F696EA1BD1F862004F31AF /* Arrays */,
				19463C421C824A0A0076ED00 /* Strings and Numbers */,
				193A42821C4851CF004AF854 /* Dictionary */,
				19F696EB1BD1F86E004F31AF /* Graphs */,
				19F696E91BD1F856004F31AF /* Trees */,
				195E7DDF1C7D53B90085121E /* DP and Recursion */,
			);
			path = algorithm_objc;
			sourceTree = "<group>";
		};
		E4A908AF1BCA1BDE00FA77B6 /* Tests */ = {
			isa = PBXGroup;
			children = (
				E4A908B01BCA1BDE00FA77B6 /* Tests.m */,
				E41E2B1A1C2618A9008DD8B3 /* ArrayTests.m */,
				E4A908B91BCA1D4400FA77B6 /* TreeNodeTests.m */,
				E4A908B21BCA1BDE00FA77B6 /* Info.plist */,
			);
			path = Tests;
			sourceTree = "<group>";
		};
/* End PBXGroup section */

/* Begin PBXNativeTarget section */
		E4A9089F1BCA1B3A00FA77B6 /* algorithm_objc */ = {
			isa = PBXNativeTarget;
			buildConfigurationList = E4A908A71BCA1B3A00FA77B6 /* Build configuration list for PBXNativeTarget "algorithm_objc" */;
			buildPhases = (
				E4A9089C1BCA1B3A00FA77B6 /* Sources */,
				E4A9089D1BCA1B3A00FA77B6 /* Frameworks */,
				E4A9089E1BCA1B3A00FA77B6 /* CopyFiles */,
			);
			buildRules = (
			);
			dependencies = (
			);
			name = algorithm_objc;
			productName = algorithm_objc;
			productReference = E4A908A01BCA1B3A00FA77B6 /* algorithm_objc */;
			productType = "com.apple.product-type.tool";
		};
		E4A908AD1BCA1BDE00FA77B6 /* Tests */ = {
			isa = PBXNativeTarget;
			buildConfigurationList = E4A908B31BCA1BDE00FA77B6 /* Build configuration list for PBXNativeTarget "Tests" */;
			buildPhases = (
				E4A908AA1BCA1BDE00FA77B6 /* Sources */,
				E4A908AB1BCA1BDE00FA77B6 /* Frameworks */,
				E4A908AC1BCA1BDE00FA77B6 /* Resources */,
			);
			buildRules = (
			);
			dependencies = (
			);
			name = Tests;
			productName = Tests;
			productReference = E4A908AE1BCA1BDE00FA77B6 /* Tests.xctest */;
			productType = "com.apple.product-type.bundle.unit-test";
		};
/* End PBXNativeTarget section */

/* Begin PBXProject section */
		E4A908981BCA1B3A00FA77B6 /* Project object */ = {
			isa = PBXProject;
			attributes = {
				LastUpgradeCheck = 0700;
				ORGANIZATIONNAME = sling;
				TargetAttributes = {
					E4A9089F1BCA1B3A00FA77B6 = {
						CreatedOnToolsVersion = 7.0.1;
					};
					E4A908AD1BCA1BDE00FA77B6 = {
						CreatedOnToolsVersion = 7.0.1;
					};
				};
			};
			buildConfigurationList = E4A9089B1BCA1B3A00FA77B6 /* Build configuration list for PBXProject "algorithm_objc" */;
			compatibilityVersion = "Xcode 3.2";
			developmentRegion = English;
			hasScannedForEncodings = 0;
			knownRegions = (
				en,
			);
			mainGroup = E4A908971BCA1B3A00FA77B6;
			productRefGroup = E4A908A11BCA1B3A00FA77B6 /* Products */;
			projectDirPath = "";
			projectRoot = "";
			targets = (
				E4A9089F1BCA1B3A00FA77B6 /* algorithm_objc */,
				E4A908AD1BCA1BDE00FA77B6 /* Tests */,
			);
		};
/* End PBXProject section */

/* Begin PBXResourcesBuildPhase section */
		E4A908AC1BCA1BDE00FA77B6 /* Resources */ = {
			isa = PBXResourcesBuildPhase;
			buildActionMask = 2147483647;
			files = (
			);
			runOnlyForDeploymentPostprocessing = 0;
		};
/* End PBXResourcesBuildPhase section */

/* Begin PBXSourcesBuildPhase section */
		E4A9089C1BCA1B3A00FA77B6 /* Sources */ = {
			isa = PBXSourcesBuildPhase;
			buildActionMask = 2147483647;
			files = (
				1901CC131CC06B2F00BECDE3 /* Recursion.m in Sources */,
				19B738AE1BF2F5E5005D29A2 /* SocialGraph.m in Sources */,
				196466F91C17C7B100FA9E4D /* UndirectedGraph.m in Sources */,
				195E7DE21C7D54190085121E /* Matrix.m in Sources */,
				E42659DD1BCB389D001B49C4 /* Tree.m in Sources */,
				193A42811C4851AF004AF854 /* NSDictionary+Methods.m in Sources */,
				E4A908A41BCA1B3A00FA77B6 /* main.m in Sources */,
				19463C451C824A3A0076ED00 /* String.m in Sources */,
				E42659DA1BCB1C67001B49C4 /* Array.m in Sources */,
				19601AC21BF154E00096DA27 /* Member.m in Sources */,
				19ACC4421CC59E9F00E2736E /* Numbers.m in Sources */,
				E4A908B81BCA1CD500FA77B6 /* TreeNode.m in Sources */,
				19F696E51BD1F772004F31AF /* EdgeNode.m in Sources */,
				193A42861C485335004AF854 /* Dictionary.m in Sources */,
				199D61D91C89607000D0A795 /* Graph1.m in Sources */,
				19F696E81BD1F84D004F31AF /* Graph.m in Sources */,
				E42659D71BCA39D3001B49C4 /* NSArray+Methods.m in Sources */,
			);
			runOnlyForDeploymentPostprocessing = 0;
		};
		E4A908AA1BCA1BDE00FA77B6 /* Sources */ = {
			isa = PBXSourcesBuildPhase;
			buildActionMask = 2147483647;
			files = (
				19ACC4431CC59E9F00E2736E /* Numbers.m in Sources */,
				E4A908B11BCA1BDE00FA77B6 /* Tests.m in Sources */,
				E41E2B1B1C2618A9008DD8B3 /* ArrayTests.m in Sources */,
				195E7DE31C7D54190085121E /* Matrix.m in Sources */,
				E4A908BA1BCA1D4400FA77B6 /* TreeNodeTests.m in Sources */,
				E4A908BC1BCA1E1100FA77B6 /* TreeNode.m in Sources */,
				E41E2B1C1C261BAA008DD8B3 /* NSArray+Methods.m in Sources */,
				19463C461C824A3A0076ED00 /* String.m in Sources */,
			);
			runOnlyForDeploymentPostprocessing = 0;
		};
/* End PBXSourcesBuildPhase section */

/* Begin XCBuildConfiguration section */
		E4A908A51BCA1B3A00FA77B6 /* Debug */ = {
			isa = XCBuildConfiguration;
			buildSettings = {
				ALWAYS_SEARCH_USER_PATHS = NO;
				CLANG_CXX_LANGUAGE_STANDARD = "gnu++0x";
				CLANG_CXX_LIBRARY = "libc++";
				CLANG_ENABLE_MODULES = YES;
				CLANG_ENABLE_OBJC_ARC = NO;
				CLANG_ENABLE_OBJC_WEAK = YES;
				CLANG_LINK_OBJC_RUNTIME = NO;
				CLANG_WARN_BOOL_CONVERSION = YES;
				CLANG_WARN_CONSTANT_CONVERSION = YES;
				CLANG_WARN_DIRECT_OBJC_ISA_USAGE = YES_ERROR;
				CLANG_WARN_EMPTY_BODY = YES;
				CLANG_WARN_ENUM_CONVERSION = YES;
				CLANG_WARN_INT_CONVERSION = YES;
				CLANG_WARN_OBJC_REPEATED_USE_OF_WEAK = NO;
				CLANG_WARN_OBJC_ROOT_CLASS = YES_ERROR;
				CLANG_WARN_UNREACHABLE_CODE = YES;
				CLANG_WARN__DUPLICATE_METHOD_MATCH = YES;
				COPY_PHASE_STRIP = NO;
				DEBUG_INFORMATION_FORMAT = dwarf;
				ENABLE_STRICT_OBJC_MSGSEND = YES;
				ENABLE_TESTABILITY = YES;
				GCC_C_LANGUAGE_STANDARD = gnu99;
				GCC_DYNAMIC_NO_PIC = NO;
				GCC_NO_COMMON_BLOCKS = YES;
				GCC_OPTIMIZATION_LEVEL = 0;
				GCC_PREPROCESSOR_DEFINITIONS = (
					"DEBUG=1",
					"$(inherited)",
				);
				GCC_WARN_64_TO_32_BIT_CONVERSION = YES;
				GCC_WARN_ABOUT_RETURN_TYPE = YES_ERROR;
				GCC_WARN_UNDECLARED_SELECTOR = YES;
				GCC_WARN_UNINITIALIZED_AUTOS = YES_AGGRESSIVE;
				GCC_WARN_UNUSED_FUNCTION = YES;
				GCC_WARN_UNUSED_VARIABLE = YES;
				MACOSX_DEPLOYMENT_TARGET = 10.11;
				MTL_ENABLE_DEBUG_INFO = YES;
				ONLY_ACTIVE_ARCH = YES;
				SDKROOT = macosx;
			};
			name = Debug;
		};
		E4A908A61BCA1B3A00FA77B6 /* Release */ = {
			isa = XCBuildConfiguration;
			buildSettings = {
				ALWAYS_SEARCH_USER_PATHS = NO;
				CLANG_CXX_LANGUAGE_STANDARD = "gnu++0x";
				CLANG_CXX_LIBRARY = "libc++";
				CLANG_ENABLE_MODULES = YES;
				CLANG_ENABLE_OBJC_ARC = NO;
				CLANG_ENABLE_OBJC_WEAK = YES;
				CLANG_LINK_OBJC_RUNTIME = NO;
				CLANG_WARN_BOOL_CONVERSION = YES;
				CLANG_WARN_CONSTANT_CONVERSION = YES;
				CLANG_WARN_DIRECT_OBJC_ISA_USAGE = YES_ERROR;
				CLANG_WARN_EMPTY_BODY = YES;
				CLANG_WARN_ENUM_CONVERSION = YES;
				CLANG_WARN_INT_CONVERSION = YES;
				CLANG_WARN_OBJC_REPEATED_USE_OF_WEAK = NO;
				CLANG_WARN_OBJC_ROOT_CLASS = YES_ERROR;
				CLANG_WARN_UNREACHABLE_CODE = YES;
				CLANG_WARN__DUPLICATE_METHOD_MATCH = YES;
				COPY_PHASE_STRIP = NO;
				DEBUG_INFORMATION_FORMAT = "dwarf-with-dsym";
				ENABLE_NS_ASSERTIONS = NO;
				ENABLE_STRICT_OBJC_MSGSEND = YES;
				GCC_C_LANGUAGE_STANDARD = gnu99;
				GCC_NO_COMMON_BLOCKS = YES;
				GCC_WARN_64_TO_32_BIT_CONVERSION = YES;
				GCC_WARN_ABOUT_RETURN_TYPE = YES_ERROR;
				GCC_WARN_UNDECLARED_SELECTOR = YES;
				GCC_WARN_UNINITIALIZED_AUTOS = YES_AGGRESSIVE;
				GCC_WARN_UNUSED_FUNCTION = YES;
				GCC_WARN_UNUSED_VARIABLE = YES;
				MACOSX_DEPLOYMENT_TARGET = 10.11;
				MTL_ENABLE_DEBUG_INFO = NO;
				SDKROOT = macosx;
			};
			name = Release;
		};
		E4A908A81BCA1B3A00FA77B6 /* Debug */ = {
			isa = XCBuildConfiguration;
			buildSettings = {
				PRODUCT_NAME = "$(TARGET_NAME)";
			};
			name = Debug;
		};
		E4A908A91BCA1B3A00FA77B6 /* Release */ = {
			isa = XCBuildConfiguration;
			buildSettings = {
				PRODUCT_NAME = "$(TARGET_NAME)";
			};
			name = Release;
		};
		E4A908B41BCA1BDE00FA77B6 /* Debug */ = {
			isa = XCBuildConfiguration;
			buildSettings = {
				COMBINE_HIDPI_IMAGES = YES;
				INFOPLIST_FILE = Tests/Info.plist;
				LD_RUNPATH_SEARCH_PATHS = "$(inherited) @executable_path/../Frameworks @loader_path/../Frameworks";
				PRODUCT_BUNDLE_IDENTIFIER = com.sling.Tests;
				PRODUCT_NAME = "$(TARGET_NAME)";
			};
			name = Debug;
		};
		E4A908B51BCA1BDE00FA77B6 /* Release */ = {
			isa = XCBuildConfiguration;
			buildSettings = {
				COMBINE_HIDPI_IMAGES = YES;
				INFOPLIST_FILE = Tests/Info.plist;
				LD_RUNPATH_SEARCH_PATHS = "$(inherited) @executable_path/../Frameworks @loader_path/../Frameworks";
				PRODUCT_BUNDLE_IDENTIFIER = com.sling.Tests;
				PRODUCT_NAME = "$(TARGET_NAME)";
			};
			name = Release;
		};
/* End XCBuildConfiguration section */

/* Begin XCConfigurationList section */
		E4A9089B1BCA1B3A00FA77B6 /* Build configuration list for PBXProject "algorithm_objc" */ = {
			isa = XCConfigurationList;
			buildConfigurations = (
				E4A908A51BCA1B3A00FA77B6 /* Debug */,
				E4A908A61BCA1B3A00FA77B6 /* Release */,
			);
			defaultConfigurationIsVisible = 0;
			defaultConfigurationName = Release;
		};
		E4A908A71BCA1B3A00FA77B6 /* Build configuration list for PBXNativeTarget "algorithm_objc" */ = {
			isa = XCConfigurationList;
			buildConfigurations = (
				E4A908A81BCA1B3A00FA77B6 /* Debug */,
				E4A908A91BCA1B3A00FA77B6 /* Release */,
			);
			defaultConfigurationIsVisible = 0;
			defaultConfigurationName = Release;
		};
		E4A908B31BCA1BDE00FA77B6 /* Build configuration list for PBXNativeTarget "Tests" */ = {
			isa = XCConfigurationList;
			buildConfigurations = (
				E4A908B41BCA1BDE00FA77B6 /* Debug */,
				E4A908B51BCA1BDE00FA77B6 /* Release */,
			);
			defaultConfigurationIsVisible = 0;
			defaultConfigurationName = Release;
		};
/* End XCConfigurationList section */
	};
	rootObject = E4A908981BCA1B3A00FA77B6 /* Project object */;
}
